Microsoft Visual Studio Solution File, Format Version 12.00
# Visual Studio Version 17
VisualStudioVersion = 17.5.2.0
MinimumVisualStudioVersion = 10.0.40219.1
Project("{FAE04EC0-301F-11D3-BF4B-00C04F79EFBC}") = "AdvanceMyShop", "AdvanceMyShop.csproj", "{C415C2F5-E4C3-89F6-DCDE-CC9FDACD387D}"
EndProject
Global
	GlobalSection(SolutionConfigurationPlatforms) = preSolution
		Debug|Any CPU = Debug|Any CPU
		Release|Any CPU = Release|Any CPU
	EndGlobalSection
	GlobalSection(ProjectConfigurationPlatforms) = postSolution
		{C415C2F5-E4C3-89F6-DCDE-CC9FDACD387D}.Debug|Any CPU.ActiveCfg = Debug|Any CPU
		{C415C2F5-E4C3-89F6-DCDE-CC9FDACD387D}.Debug|Any CPU.Build.0 = Debug|Any CPU
		{C415C2F5-E4C3-89F6-DCDE-CC9FDACD387D}.Release|Any CPU.ActiveCfg = Release|Any CPU
		{C415C2F5-E4C3-89F6-DCDE-CC9FDACD387D}.Release|Any CPU.Build.0 = Release|Any CPU
	EndGlobalSection
	GlobalSection(SolutionProperties) = preSolution
		HideSolutionNode = FALSE
	EndGlobalSection
	GlobalSection(ExtensibilityGlobals) = postSolution
		SolutionGuid = {7B43BDF0-8703-4E37-8393-CCA5DAE389FF}
	EndGlobalSection
EndGlobal
